
Microsoft Visual Studio Solution File, Format Version 12.00
# Visual Studio Version 17
VisualStudioVersion = 17.9.34728.123
MinimumVisualStudioVersion = 10.0.40219.1
Project("{FAE04EC0-301F-11D3-BF4B-00C04F79EFBC}") = "GIt", "GIt\GIt.csproj", "{01351F9D-05CC-4D0E-A4EE-3893B30E323F}"
EndProject
Global
	GlobalSection(SolutionConfigurationPlatforms) = preSolution
		Debug|Any CPU = Debug|Any CPU
		Release|Any CPU = Release|Any CPU
	EndGlobalSection
	GlobalSection(ProjectConfigurationPlatforms) = postSolution
		{01351F9D-05CC-4D0E-A4EE-3893B30E323F}.Debug|Any CPU.ActiveCfg = Debug|Any CPU
		{01351F9D-05CC-4D0E-A4EE-3893B30E323F}.Debug|Any CPU.Build.0 = Debug|Any CPU
		{01351F9D-05CC-4D0E-A4EE-3893B30E323F}.Release|Any CPU.ActiveCfg = Release|Any CPU
		{01351F9D-05CC-4D0E-A4EE-3893B30E323F}.Release|Any CPU.Build.0 = Release|Any CPU
	EndGlobalSection
	GlobalSection(SolutionProperties) = preSolution
		HideSolutionNode = FALSE
	EndGlobalSection
	GlobalSection(ExtensibilityGlobals) = postSolution
		SolutionGuid = {ED9B38B5-5081-40B5-BD02-6D7780BD0B6C}
	EndGlobalSection
EndGlobal
